
Microsoft Visual Studio Solution File, Format Version 12.00
# Visual Studio Version 17
VisualStudioVersion = 17.11.35219.272
MinimumVisualStudioVersion = 10.0.40219.1
Project("{8BC9CEB8-8B4A-11D0-8D11-00A0C91BC942}") = "Dz4", "Dz4.vcxproj", "{D5E88AEF-568B-4902-B1C3-F24DCB7F3286}"
EndProject
Global
	GlobalSection(SolutionConfigurationPlatforms) = preSolution
		Debug|x64 = Debug|x64
		Debug|x86 = Debug|x86
		Release|x64 = Release|x64
		Release|x86 = Release|x86
	EndGlobalSection
	GlobalSection(ProjectConfigurationPlatforms) = postSolution
		{D5E88AEF-568B-4902-B1C3-F24DCB7F3286}.Debug|x64.ActiveCfg = Debug|x64
		{D5E88AEF-568B-4902-B1C3-F24DCB7F3286}.Debug|x64.Build.0 = Debug|x64
		{D5E88AEF-568B-4902-B1C3-F24DCB7F3286}.Debug|x86.ActiveCfg = Debug|Win32
		{D5E88AEF-568B-4902-B1C3-F24DCB7F3286}.Debug|x86.Build.0 = Debug|Win32
		{D5E88AEF-568B-4902-B1C3-F24DCB7F3286}.Release|x64.ActiveCfg = Release|x64
		{D5E88AEF-568B-4902-B1C3-F24DCB7F3286}.Release|x64.Build.0 = Release|x64
		{D5E88AEF-568B-4902-B1C3-F24DCB7F3286}.Release|x86.ActiveCfg = Release|Win32
		{D5E88AEF-568B-4902-B1C3-F24DCB7F3286}.Release|x86.Build.0 = Release|Win32
	EndGlobalSection
	GlobalSection(SolutionProperties) = preSolution
		HideSolutionNode = FALSE
	EndGlobalSection
	GlobalSection(ExtensibilityGlobals) = postSolution
		SolutionGuid = {A9B95864-E3A4-4C87-BE75-7D27CE315ABE}
	EndGlobalSection
EndGlobal
